
Microsoft Visual Studio Solution File, Format Version 12.00
# Visual Studio Version 16
VisualStudioVersion = 16.0.810.0
MinimumVisualStudioVersion = 10.0.40219.1
Project("{F2A71F9B-5D33-465A-A702-920D77279786}") = "Day1Part2", "Day1Part2.fsproj", "{D6F0E288-B3F4-4740-AE4D-BDD99C6A7B82}"
EndProject
Global
	GlobalSection(SolutionConfigurationPlatforms) = preSolution
		Debug|Any CPU = Debug|Any CPU
		Release|Any CPU = Release|Any CPU
	EndGlobalSection
	GlobalSection(ProjectConfigurationPlatforms) = postSolution
		{D6F0E288-B3F4-4740-AE4D-BDD99C6A7B82}.Debug|Any CPU.ActiveCfg = Debug|Any CPU
		{D6F0E288-B3F4-4740-AE4D-BDD99C6A7B82}.Debug|Any CPU.Build.0 = Debug|Any CPU
		{D6F0E288-B3F4-4740-AE4D-BDD99C6A7B82}.Release|Any CPU.ActiveCfg = Release|Any CPU
		{D6F0E288-B3F4-4740-AE4D-BDD99C6A7B82}.Release|Any CPU.Build.0 = Release|Any CPU
	EndGlobalSection
	GlobalSection(SolutionProperties) = preSolution
		HideSolutionNode = FALSE
	EndGlobalSection
	GlobalSection(ExtensibilityGlobals) = postSolution
		SolutionGuid = {022ADC1A-747C-4CA7-BCEA-1B7221CF3DE0}
	EndGlobalSection
EndGlobal
